{
    "_readme": [
        "This file locks the dependencies of your project to a known state",
        "Read more about it at https://getcomposer.org/doc/01-basic-usage.md#composer-lock-the-lock-file",
        "This file is @generated automatically"
    ],
    "content-hash": "ffdf683c50485b470561b8ab8682286a",
    "packages": [
        {
            "name": "ezyang/htmlpurifier",
            "version": "v4.11.0",
            "source": {
                "type": "git",
                "url": "https://github.com/ezyang/htmlpurifier.git",
                "reference": "83ab08bc1af7d808a9e0fbf024f1c24bfd73c0a7"
            },
            "dist": {
                "type": "zip",
                "url": "https://api.github.com/repos/ezyang/htmlpurifier/zipball/83ab08bc1af7d808a9e0fbf024f1c24bfd73c0a7",
                "reference": "83ab08bc1af7d808a9e0fbf024f1c24bfd73c0a7",
                "shasum": ""
            },
            "require": {
                "php": ">=5.2"
            },
            "require-dev": {
                "simpletest/simpletest": "dev-master#72de02a7b80c6bb8864ef9bf66d41d2f58f826bd"
            },
            "type": "library",
            "autoload": {
                "psr-0": {
                    "HTMLPurifier": "library/"
                },
                "files": [
                    "library/HTMLPurifier.composer.php"
                ]
            },
            "notification-url": "https://packagist.org/downloads/",
            "license": [
                "LGPL-2.1-or-later"
            ],
            "authors": [
                {
                    "name": "Edward Z. Yang",
                    "email": "admin@htmlpurifier.org",
                    "homepage": "http://ezyang.com"
                }
            ],
            "description": "Standards compliant HTML filter written in PHP",
            "homepage": "http://htmlpurifier.org/",
            "keywords": [
                "html"
            ],
            "time": "2019-07-14T18:58:38+00:00"
        },
        {
            "name": "xemlock/htmlpurifier-html5",
            "version": "v0.1.11",
            "source": {
                "type": "git",
                "url": "https://github.com/xemlock/htmlpurifier-html5.git",
                "reference": "f0d563f9fd4a82a3d759043483f9a94c0d8c2255"
            },
            "dist": {
                "type": "zip",
                "url": "https://api.github.com/repos/xemlock/htmlpurifier-html5/zipball/f0d563f9fd4a82a3d759043483f9a94c0d8c2255",
                "reference": "f0d563f9fd4a82a3d759043483f9a94c0d8c2255",
                "shasum": ""
            },
            "require": {
                "ezyang/htmlpurifier": "^4.8",
                "php": ">=5.2"
            },
            "require-dev": {
                "php-coveralls/php-coveralls": "^1.1|^2.1",
                "phpunit/phpunit": ">=4.7 <8.0"
            },
            "type": "library",
            "autoload": {
                "classmap": [
                    "library/HTMLPurifier/"
                ]
            },
            "notification-url": "https://packagist.org/downloads/",
            "license": [
                "MIT"
            ],
            "authors": [
                {
                    "name": "xemlock",
                    "email": "xemlock@gmail.com"
                }
            ],
            "description": "HTML5 element definitions for HTML Purifier",
            "keywords": [
                "HTML5",
                "Purifier",
                "html",
                "htmlpurifier",
                "security",
                "tidy",
                "validator",
                "xss"
            ],
            "time": "2019-08-07T17:19:21+00:00"
        }
    ],
    "packages-dev": [],
    "aliases": [],
    "minimum-stability": "stable",
    "stability-flags": [],
    "prefer-stable": false,
    "prefer-lowest": false,
    "platform": [],
    "platform-dev": []
}
